# THIS IS AN AUTOGENERATED FILE. DO NOT EDIT THIS FILE DIRECTLY.
# yarn lockfile v1


jsmidgen@^0.1.5:
  version "0.1.5"
  resolved "https://registry.yarnpkg.com/jsmidgen/-/jsmidgen-0.1.5.tgz#ad0afd6375eb12f51064025393ce3baec380585d"
  integrity sha512-AcfpCk5gtBkCeWed8eYbzMa/B/AYLXgJfLb+j7C46wEUrwRvTQw/GvdT9daJFoFRCJCuf598wnPeyB2TstpBxA==

midi-file-parser@^1.0.0:
  version "1.0.0"
  resolved "https://registry.yarnpkg.com/midi-file-parser/-/midi-file-parser-1.0.0.tgz#175a013f277e9d26acf94cfe6c03b13abb0a1e9e"
  integrity sha512-SMaIdnarAe4unM0YQIa4BeLbAY37eK5EbipklZUXTfpHGtAP6FnWrtoNXqqpRcIfw3v32kYbCcr4Dc9/odhwoA==

simonadcock-midiconvert@^0.0.2:
  version "0.0.2"
  resolved "https://registry.yarnpkg.com/simonadcock-midiconvert/-/simonadcock-midiconvert-0.0.2.tgz#21221012ef9b025ce822ea29458a6862f13feb04"
  integrity sha512-qcU7dfY5b+wGTpNXZUlVZuHw/X+5UHeeGM/wJGdcRyJ0Zj/dLVM5OFdJYnR4YwULEVApP/h33S+9g1XfNelP6w==
  dependencies:
    jsmidgen "^0.1.5"
    midi-file-parser "^1.0.0"
